
Microsoft Visual Studio Solution File, Format Version 12.00
# Visual Studio 15
VisualStudioVersion = 15.0.28307.1267
MinimumVisualStudioVersion = 10.0.40219.1
Project("{FAE04EC0-301F-11D3-BF4B-00C04F79EFBC}") = "AbrViewer", "AbrViewer\AbrViewer.csproj", "{6C502DE0-4D12-494C-90C7-58B7B22051AE}"
EndProject
Project("{FAE04EC0-301F-11D3-BF4B-00C04F79EFBC}") = "AK.Abr", "AK.Abr\AK.Abr.csproj", "{5BAEF14C-17BB-4E1C-8233-A2BA5ABDDD27}"
EndProject
Global
	GlobalSection(SolutionConfigurationPlatforms) = preSolution
		Debug|Any CPU = Debug|Any CPU
		Debug|Mixed Platforms = Debug|Mixed Platforms
		Release|Any CPU = Release|Any CPU
		Release|Mixed Platforms = Release|Mixed Platforms
	EndGlobalSection
	GlobalSection(ProjectConfigurationPlatforms) = postSolution
		{6C502DE0-4D12-494C-90C7-58B7B22051AE}.Debug|Any CPU.ActiveCfg = Debug|Any CPU
		{6C502DE0-4D12-494C-90C7-58B7B22051AE}.Debug|Any CPU.Build.0 = Debug|Any CPU
		{6C502DE0-4D12-494C-90C7-58B7B22051AE}.Debug|Mixed Platforms.ActiveCfg = Debug|Any CPU
		{6C502DE0-4D12-494C-90C7-58B7B22051AE}.Debug|Mixed Platforms.Build.0 = Debug|Any CPU
		{6C502DE0-4D12-494C-90C7-58B7B22051AE}.Release|Any CPU.ActiveCfg = Release|Any CPU
		{6C502DE0-4D12-494C-90C7-58B7B22051AE}.Release|Any CPU.Build.0 = Release|Any CPU
		{6C502DE0-4D12-494C-90C7-58B7B22051AE}.Release|Mixed Platforms.ActiveCfg = Release|Any CPU
		{6C502DE0-4D12-494C-90C7-58B7B22051AE}.Release|Mixed Platforms.Build.0 = Release|Any CPU
		{5BAEF14C-17BB-4E1C-8233-A2BA5ABDDD27}.Debug|Any CPU.ActiveCfg = Debug|Any CPU
		{5BAEF14C-17BB-4E1C-8233-A2BA5ABDDD27}.Debug|Any CPU.Build.0 = Debug|Any CPU
		{5BAEF14C-17BB-4E1C-8233-A2BA5ABDDD27}.Debug|Mixed Platforms.ActiveCfg = Debug|Any CPU
		{5BAEF14C-17BB-4E1C-8233-A2BA5ABDDD27}.Debug|Mixed Platforms.Build.0 = Debug|Any CPU
		{5BAEF14C-17BB-4E1C-8233-A2BA5ABDDD27}.Release|Any CPU.ActiveCfg = Release|Any CPU
		{5BAEF14C-17BB-4E1C-8233-A2BA5ABDDD27}.Release|Any CPU.Build.0 = Release|Any CPU
		{5BAEF14C-17BB-4E1C-8233-A2BA5ABDDD27}.Release|Mixed Platforms.ActiveCfg = Release|Any CPU
		{5BAEF14C-17BB-4E1C-8233-A2BA5ABDDD27}.Release|Mixed Platforms.Build.0 = Release|Any CPU
	EndGlobalSection
	GlobalSection(SolutionProperties) = preSolution
		HideSolutionNode = FALSE
	EndGlobalSection
	GlobalSection(ExtensibilityGlobals) = postSolution
		SolutionGuid = {BDC6B8A1-6474-4C9A-9801-2C47D64857C8}
	EndGlobalSection
EndGlobal
